
Microsoft Visual Studio Solution File, Format Version 12.00
# Visual Studio Version 17
VisualStudioVersion = 17.3.32922.545
MinimumVisualStudioVersion = 10.0.40219.1
Project("{FAE04EC0-301F-11D3-BF4B-00C04F79EFBC}") = "Seidltourplaner", "Seidltourplaner\Seidltourplaner.csproj", "{788DB6AE-A40E-4492-9F86-8A6BB459968D}"
EndProject
Global
	GlobalSection(SolutionConfigurationPlatforms) = preSolution
		Debug|Any CPU = Debug|Any CPU
		Debug|x64 = Debug|x64
		Release|Any CPU = Release|Any CPU
		Release|x64 = Release|x64
	EndGlobalSection
	GlobalSection(ProjectConfigurationPlatforms) = postSolution
		{788DB6AE-A40E-4492-9F86-8A6BB459968D}.Debug|Any CPU.ActiveCfg = Debug|Any CPU
		{788DB6AE-A40E-4492-9F86-8A6BB459968D}.Debug|Any CPU.Build.0 = Debug|Any CPU
		{788DB6AE-A40E-4492-9F86-8A6BB459968D}.Debug|x64.ActiveCfg = Debug|x64
		{788DB6AE-A40E-4492-9F86-8A6BB459968D}.Debug|x64.Build.0 = Debug|x64
		{788DB6AE-A40E-4492-9F86-8A6BB459968D}.Release|Any CPU.ActiveCfg = Release|Any CPU
		{788DB6AE-A40E-4492-9F86-8A6BB459968D}.Release|Any CPU.Build.0 = Release|Any CPU
		{788DB6AE-A40E-4492-9F86-8A6BB459968D}.Release|x64.ActiveCfg = Release|x64
		{788DB6AE-A40E-4492-9F86-8A6BB459968D}.Release|x64.Build.0 = Release|x64
	EndGlobalSection
	GlobalSection(SolutionProperties) = preSolution
		HideSolutionNode = FALSE
	EndGlobalSection
	GlobalSection(ExtensibilityGlobals) = postSolution
		SolutionGuid = {C1C41D95-1636-41F7-B0F0-4BB672A06A92}
	EndGlobalSection
EndGlobal
